
Microsoft Visual Studio Solution File, Format Version 12.00
# Visual Studio Version 16
VisualStudioVersion = 16.0.31702.278
MinimumVisualStudioVersion = 10.0.40219.1
Project("{9A19103F-16F7-4668-BE54-9A1E7A4F7556}") = "ZWaveSerialApi", "ZWaveSerialApi\ZWaveSerialApi.csproj", "{A910CA25-5ABB-43E2-A60D-F378FF90FC83}"
EndProject
Project("{9A19103F-16F7-4668-BE54-9A1E7A4F7556}") = "ZWaveSerialApi.Test", "ZWaveSerialApi.Test\ZWaveSerialApi.Test.csproj", "{088C4C41-7E35-44C3-951D-1C6AE349D6D9}"
EndProject
Project("{9A19103F-16F7-4668-BE54-9A1E7A4F7556}") = "ZWaveSerialApi.Devices", "ZWaveSerialApi.Devices\ZWaveSerialApi.Devices.csproj", "{6B0D6799-E857-49C8-8A94-7121A41642F1}"
EndProject
Project("{9A19103F-16F7-4668-BE54-9A1E7A4F7556}") = "ZWaveSerialApi.Devices.Test", "ZWaveSerialApi.Devices.Test\ZWaveSerialApi.Devices.Test.csproj", "{2633F20F-F077-453C-B4E9-46B9267D4D4D}"
EndProject
Project("{9A19103F-16F7-4668-BE54-9A1E7A4F7556}") = "DeveloperTest", "DeveloperTest\DeveloperTest.csproj", "{AE65EE7C-483D-41DA-B901-A1AE9F0426E1}"
EndProject
Global
	GlobalSection(SolutionConfigurationPlatforms) = preSolution
		Debug|Any CPU = Debug|Any CPU
		Release|Any CPU = Release|Any CPU
	EndGlobalSection
	GlobalSection(ProjectConfigurationPlatforms) = postSolution
		{A910CA25-5ABB-43E2-A60D-F378FF90FC83}.Debug|Any CPU.ActiveCfg = Debug|Any CPU
		{A910CA25-5ABB-43E2-A60D-F378FF90FC83}.Debug|Any CPU.Build.0 = Debug|Any CPU
		{A910CA25-5ABB-43E2-A60D-F378FF90FC83}.Release|Any CPU.ActiveCfg = Release|Any CPU
		{A910CA25-5ABB-43E2-A60D-F378FF90FC83}.Release|Any CPU.Build.0 = Release|Any CPU
		{088C4C41-7E35-44C3-951D-1C6AE349D6D9}.Debug|Any CPU.ActiveCfg = Debug|Any CPU
		{088C4C41-7E35-44C3-951D-1C6AE349D6D9}.Debug|Any CPU.Build.0 = Debug|Any CPU
		{088C4C41-7E35-44C3-951D-1C6AE349D6D9}.Release|Any CPU.ActiveCfg = Release|Any CPU
		{088C4C41-7E35-44C3-951D-1C6AE349D6D9}.Release|Any CPU.Build.0 = Release|Any CPU
		{6B0D6799-E857-49C8-8A94-7121A41642F1}.Debug|Any CPU.ActiveCfg = Debug|Any CPU
		{6B0D6799-E857-49C8-8A94-7121A41642F1}.Debug|Any CPU.Build.0 = Debug|Any CPU
		{6B0D6799-E857-49C8-8A94-7121A41642F1}.Release|Any CPU.ActiveCfg = Release|Any CPU
		{6B0D6799-E857-49C8-8A94-7121A41642F1}.Release|Any CPU.Build.0 = Release|Any CPU
		{2633F20F-F077-453C-B4E9-46B9267D4D4D}.Debug|Any CPU.ActiveCfg = Debug|Any CPU
		{2633F20F-F077-453C-B4E9-46B9267D4D4D}.Debug|Any CPU.Build.0 = Debug|Any CPU
		{2633F20F-F077-453C-B4E9-46B9267D4D4D}.Release|Any CPU.ActiveCfg = Release|Any CPU
		{2633F20F-F077-453C-B4E9-46B9267D4D4D}.Release|Any CPU.Build.0 = Release|Any CPU
		{AE65EE7C-483D-41DA-B901-A1AE9F0426E1}.Debug|Any CPU.ActiveCfg = Debug|Any CPU
		{AE65EE7C-483D-41DA-B901-A1AE9F0426E1}.Debug|Any CPU.Build.0 = Debug|Any CPU
		{AE65EE7C-483D-41DA-B901-A1AE9F0426E1}.Release|Any CPU.ActiveCfg = Release|Any CPU
		{AE65EE7C-483D-41DA-B901-A1AE9F0426E1}.Release|Any CPU.Build.0 = Release|Any CPU
	EndGlobalSection
	GlobalSection(SolutionProperties) = preSolution
		HideSolutionNode = FALSE
	EndGlobalSection
	GlobalSection(ExtensibilityGlobals) = postSolution
		SolutionGuid = {A44B431F-D5AE-4683-B53E-CDDBAD743CAF}
	EndGlobalSection
EndGlobal
